// !$*UTF8*$!
{
	archiveVersion = 1;
	classes = {
	};
	objectVersion = 50;
	objects = {

/* Begin PBXBuildFile section */
		60F4BABB25DCE72700DAAFAD /* AppDelegate.swift in Sources */ = {isa = PBXBuildFile; fileRef = 60F4BABA25DCE72700DAAFAD /* AppDelegate.swift */; };
		60F4BABD25DCE72700DAAFAD /* SceneDelegate.swift in Sources */ = {isa = PBXBuildFile; fileRef = 60F4BABC25DCE72700DAAFAD /* SceneDelegate.swift */; };
		60F4BABF25DCE72700DAAFAD /* ContentView.swift in Sources */ = {isa = PBXBuildFile; fileRef = 60F4BABE25DCE72700DAAFAD /* ContentView.swift */; };
		60F4BAC125DCE72800DAAFAD /* Assets.xcassets in Resources */ = {isa = PBXBuildFile; fileRef = 60F4BAC025DCE72800DAAFAD /* Assets.xcassets */; };
		60F4BAC425DCE72800DAAFAD /* Preview Assets.xcassets in Resources */ = {isa = PBXBuildFile; fileRef = 60F4BAC325DCE72800DAAFAD /* Preview Assets.xcassets */; };
		60F4BAC725DCE72800DAAFAD /* LaunchScreen.storyboard in Resources */ = {isa = PBXBuildFile; fileRef = 60F4BAC525DCE72800DAAFAD /* LaunchScreen.storyboard */; };
		60F4BAD225DCE72800DAAFAD /* MapKitDemoTests.swift in Sources */ = {isa = PBXBuildFile; fileRef = 60F4BAD125DCE72800DAAFAD /* MapKitDemoTests.swift */; };
		60F4BADD25DCE72800DAAFAD /* MapKitDemoUITests.swift in Sources */ = {isa = PBXBuildFile; fileRef = 60F4BADC25DCE72800DAAFAD /* MapKitDemoUITests.swift */; };
/* End PBXBuildFile section */

/* Begin PBXContainerItemProxy section */
		60F4BACE25DCE72800DAAFAD /* PBXContainerItemProxy */ = {
			isa = PBXContainerItemProxy;
			containerPortal = 60F4BAAF25DCE72700DAAFAD /* Project object */;
			proxyType = 1;
			remoteGlobalIDString = 60F4BAB625DCE72700DAAFAD;
			remoteInfo = MapKitDemo;
		};
		60F4BAD925DCE72800DAAFAD /* PBXContainerItemProxy */ = {
			isa = PBXContainerItemProxy;
			containerPortal = 60F4BAAF25DCE72700DAAFAD /* Project object */;
			proxyType = 1;
			remoteGlobalIDString = 60F4BAB625DCE72700DAAFAD;
			remoteInfo = MapKitDemo;
		};
/* End PBXContainerItemProxy section */

/* Begin PBXFileReference section */
		60F4BAB725DCE72700DAAFAD /* MapKitDemo.app */ = {isa = PBXFileReference; explicitFileType = wrapper.application; includeInIndex = 0; path = MapKitDemo.app; sourceTree = BUILT_PRODUCTS_DIR; };
		60F4BABA25DCE72700DAAFAD /* AppDelegate.swift */ = {isa = PBXFileReference; lastKnownFileType = sourcecode.swift; path = AppDelegate.swift; sourceTree = "<group>"; };
		60F4BABC25DCE72700DAAFAD /* SceneDelegate.swift */ = {isa = PBXFileReference; lastKnownFileType = sourcecode.swift; path = SceneDelegate.swift; sourceTree = "<group>"; };
		60F4BABE25DCE72700DAAFAD /* ContentView.swift */ = {isa = PBXFileReference; lastKnownFileType = sourcecode.swift; path = ContentView.swift; sourceTree = "<group>"; };
		60F4BAC025DCE72800DAAFAD /* Assets.xcassets */ = {isa = PBXFileReference; lastKnownFileType = folder.assetcatalog; path = Assets.xcassets; sourceTree = "<group>"; };
		60F4BAC325DCE72800DAAFAD /* Preview Assets.xcassets */ = {isa = PBXFileReference; lastKnownFileType = folder.assetcatalog; path = "Preview Assets.xcassets"; sourceTree = "<group>"; };
		60F4BAC625DCE72800DAAFAD /* Base */ = {isa = PBXFileReference; lastKnownFileType = file.storyboard; name = Base; path = Base.lproj/LaunchScreen.storyboard; sourceTree = "<group>"; };
		60F4BAC825DCE72800DAAFAD /* Info.plist */ = {isa = PBXFileReference; lastKnownFileType = text.plist.xml; path = Info.plist; sourceTree = "<group>"; };
		60F4BACD25DCE72800DAAFAD /* MapKitDemoTests.xctest */ = {isa = PBXFileReference; explicitFileType = wrapper.cfbundle; includeInIndex = 0; path = MapKitDemoTests.xctest; sourceTree = BUILT_PRODUCTS_DIR; };
		60F4BAD125DCE72800DAAFAD /* MapKitDemoTests.swift */ = {isa = PBXFileReference; lastKnownFileType = sourcecode.swift; path = MapKitDemoTests.swift; sourceTree = "<group>"; };
		60F4BAD325DCE72800DAAFAD /* Info.plist */ = {isa = PBXFileReference; lastKnownFileType = text.plist.xml; path = Info.plist; sourceTree = "<group>"; };
		60F4BAD825DCE72800DAAFAD /* MapKitDemoUITests.xctest */ = {isa = PBXFileReference; explicitFileType = wrapper.cfbundle; includeInIndex = 0; path = MapKitDemoUITests.xctest; sourceTree = BUILT_PRODUCTS_DIR; };
		60F4BADC25DCE72800DAAFAD /* MapKitDemoUITests.swift */ = {isa = PBXFileReference; lastKnownFileType = sourcecode.swift; path = MapKitDemoUITests.swift; sourceTree = "<group>"; };
		60F4BADE25DCE72800DAAFAD /* Info.plist */ = {isa = PBXFileReference; lastKnownFileType = text.plist.xml; path = Info.plist; sourceTree = "<group>"; };
/* End PBXFileReference section */

/* Begin PBXFrameworksBuildPhase section */
		60F4BAB425DCE72700DAAFAD /* Frameworks */ = {
			isa = PBXFrameworksBuildPhase;
			buildActionMask = 2147483647;
			files = (
			);
			runOnlyForDeploymentPostprocessing = 0;
		};
		60F4BACA25DCE72800DAAFAD /* Frameworks */ = {
			isa = PBXFrameworksBuildPhase;
			buildActionMask = 2147483647;
			files = (
			);
			runOnlyForDeploymentPostprocessing = 0;
		};
		60F4BAD525DCE72800DAAFAD /* Frameworks */ = {
			isa = PBXFrameworksBuildPhase;
			buildActionMask = 2147483647;
			files = (
			);
			runOnlyForDeploymentPostprocessing = 0;
		};
/* End PBXFrameworksBuildPhase section */

/* Begin PBXGroup section */
		60F4BAAE25DCE72700DAAFAD = {
			isa = PBXGroup;
			children = (
				60F4BAB925DCE72700DAAFAD /* MapKitDemo */,
				60F4BAD025DCE72800DAAFAD /* MapKitDemoTests */,
				60F4BADB25DCE72800DAAFAD /* MapKitDemoUITests */,
				60F4BAB825DCE72700DAAFAD /* Products */,
			);
			sourceTree = "<group>";
		};
		60F4BAB825DCE72700DAAFAD /* Products */ = {
			isa = PBXGroup;
			children = (
				60F4BAB725DCE72700DAAFAD /* MapKitDemo.app */,
				60F4BACD25DCE72800DAAFAD /* MapKitDemoTests.xctest */,
				60F4BAD825DCE72800DAAFAD /* MapKitDemoUITests.xctest */,
			);
			name = Products;
			sourceTree = "<group>";
		};
		60F4BAB925DCE72700DAAFAD /* MapKitDemo */ = {
			isa = PBXGroup;
			children = (
				60F4BABA25DCE72700DAAFAD /* AppDelegate.swift */,
				60F4BABC25DCE72700DAAFAD /* SceneDelegate.swift */,
				60F4BABE25DCE72700DAAFAD /* ContentView.swift */,
				60F4BAC025DCE72800DAAFAD /* Assets.xcassets */,
				60F4BAC525DCE72800DAAFAD /* LaunchScreen.storyboard */,
				60F4BAC825DCE72800DAAFAD /* Info.plist */,
				60F4BAC225DCE72800DAAFAD /* Preview Content */,
			);
			path = MapKitDemo;
			sourceTree = "<group>";
		};
		60F4BAC225DCE72800DAAFAD /* Preview Content */ = {
			isa = PBXGroup;
			children = (
				60F4BAC325DCE72800DAAFAD /* Preview Assets.xcassets */,
			);
			path = "Preview Content";
			sourceTree = "<group>";
		};
		60F4BAD025DCE72800DAAFAD /* MapKitDemoTests */ = {
			isa = PBXGroup;
			children = (
				60F4BAD125DCE72800DAAFAD /* MapKitDemoTests.swift */,
				60F4BAD325DCE72800DAAFAD /* Info.plist */,
			);
			path = MapKitDemoTests;
			sourceTree = "<group>";
		};
		60F4BADB25DCE72800DAAFAD /* MapKitDemoUITests */ = {
			isa = PBXGroup;
			children = (
				60F4BADC25DCE72800DAAFAD /* MapKitDemoUITests.swift */,
				60F4BADE25DCE72800DAAFAD /* Info.plist */,
			);
			path = MapKitDemoUITests;
			sourceTree = "<group>";
		};
/* End PBXGroup section */

/* Begin PBXNativeTarget section */
		60F4BAB625DCE72700DAAFAD /* MapKitDemo */ = {
			isa = PBXNativeTarget;
			buildConfigurationList = 60F4BAE125DCE72800DAAFAD /* Build configuration list for PBXNativeTarget "MapKitDemo" */;
			buildPhases = (
				60F4BAB325DCE72700DAAFAD /* Sources */,
				60F4BAB425DCE72700DAAFAD /* Frameworks */,
				60F4BAB525DCE72700DAAFAD /* Resources */,
			);
			buildRules = (
			);
			dependencies = (
			);
			name = MapKitDemo;
			productName = MapKitDemo;
			productReference = 60F4BAB725DCE72700DAAFAD /* MapKitDemo.app */;
			productType = "com.apple.product-type.application";
		};
		60F4BACC25DCE72800DAAFAD /* MapKitDemoTests */ = {
			isa = PBXNativeTarget;
			buildConfigurationList = 60F4BAE425DCE72800DAAFAD /* Build configuration list for PBXNativeTarget "MapKitDemoTests" */;
			buildPhases = (
				60F4BAC925DCE72800DAAFAD /* Sources */,
				60F4BACA25DCE72800DAAFAD /* Frameworks */,
				60F4BACB25DCE72800DAAFAD /* Resources */,
			);
			buildRules = (
			);
			dependencies = (
				60F4BACF25DCE72800DAAFAD /* PBXTargetDependency */,
			);
			name = MapKitDemoTests;
			productName = MapKitDemoTests;
			productReference = 60F4BACD25DCE72800DAAFAD /* MapKitDemoTests.xctest */;
			productType = "com.apple.product-type.bundle.unit-test";
		};
		60F4BAD725DCE72800DAAFAD /* MapKitDemoUITests */ = {
			isa = PBXNativeTarget;
			buildConfigurationList = 60F4BAE725DCE72800DAAFAD /* Build configuration list for PBXNativeTarget "MapKitDemoUITests" */;
			buildPhases = (
				60F4BAD425DCE72800DAAFAD /* Sources */,
				60F4BAD525DCE72800DAAFAD /* Frameworks */,
				60F4BAD625DCE72800DAAFAD /* Resources */,
			);
			buildRules = (
			);
			dependencies = (
				60F4BADA25DCE72800DAAFAD /* PBXTargetDependency */,
			);
			name = MapKitDemoUITests;
			productName = MapKitDemoUITests;
			productReference = 60F4BAD825DCE72800DAAFAD /* MapKitDemoUITests.xctest */;
			productType = "com.apple.product-type.bundle.ui-testing";
		};
/* End PBXNativeTarget section */

/* Begin PBXProject section */
		60F4BAAF25DCE72700DAAFAD /* Project object */ = {
			isa = PBXProject;
			attributes = {
				LastSwiftUpdateCheck = 1210;
				LastUpgradeCheck = 1210;
				TargetAttributes = {
					60F4BAB625DCE72700DAAFAD = {
						CreatedOnToolsVersion = 12.1;
					};
					60F4BACC25DCE72800DAAFAD = {
						CreatedOnToolsVersion = 12.1;
						TestTargetID = 60F4BAB625DCE72700DAAFAD;
					};
					60F4BAD725DCE72800DAAFAD = {
						CreatedOnToolsVersion = 12.1;
						TestTargetID = 60F4BAB625DCE72700DAAFAD;
					};
				};
			};
			buildConfigurationList = 60F4BAB225DCE72700DAAFAD /* Build configuration list for PBXProject "MapKitDemo" */;
			compatibilityVersion = "Xcode 9.3";
			developmentRegion = en;
			hasScannedForEncodings = 0;
			knownRegions = (
				en,
				Base,
			);
			mainGroup = 60F4BAAE25DCE72700DAAFAD;
			productRefGroup = 60F4BAB825DCE72700DAAFAD /* Products */;
			projectDirPath = "";
			projectRoot = "";
			targets = (
				60F4BAB625DCE72700DAAFAD /* MapKitDemo */,
				60F4BACC25DCE72800DAAFAD /* MapKitDemoTests */,
				60F4BAD725DCE72800DAAFAD /* MapKitDemoUITests */,
			);
		};
/* End PBXProject section */

/* Begin PBXResourcesBuildPhase section */
		60F4BAB525DCE72700DAAFAD /* Resources */ = {
			isa = PBXResourcesBuildPhase;
			buildActionMask = 2147483647;
			files = (
				60F4BAC725DCE72800DAAFAD /* LaunchScreen.storyboard in Resources */,
				60F4BAC425DCE72800DAAFAD /* Preview Assets.xcassets in Resources */,
				60F4BAC125DCE72800DAAFAD /* Assets.xcassets in Resources */,
			);
			runOnlyForDeploymentPostprocessing = 0;
		};
		60F4BACB25DCE72800DAAFAD /* Resources */ = {
			isa = PBXResourcesBuildPhase;
			buildActionMask = 2147483647;
			files = (
			);
			runOnlyForDeploymentPostprocessing = 0;
		};
		60F4BAD625DCE72800DAAFAD /* Resources */ = {
			isa = PBXResourcesBuildPhase;
			buildActionMask = 2147483647;
			files = (
			);
			runOnlyForDeploymentPostprocessing = 0;
		};
/* End PBXResourcesBuildPhase section */

/* Begin PBXSourcesBuildPhase section */
		60F4BAB325DCE72700DAAFAD /* Sources */ = {
			isa = PBXSourcesBuildPhase;
			buildActionMask = 2147483647;
			files = (
				60F4BABB25DCE72700DAAFAD /* AppDelegate.swift in Sources */,
				60F4BABD25DCE72700DAAFAD /* SceneDelegate.swift in Sources */,
				60F4BABF25DCE72700DAAFAD /* ContentView.swift in Sources */,
			);
			runOnlyForDeploymentPostprocessing = 0;
		};
		60F4BAC925DCE72800DAAFAD /* Sources */ = {
			isa = PBXSourcesBuildPhase;
			buildActionMask = 2147483647;
			files = (
				60F4BAD225DCE72800DAAFAD /* MapKitDemoTests.swift in Sources */,
			);
			runOnlyForDeploymentPostprocessing = 0;
		};
		60F4BAD425DCE72800DAAFAD /* Sources */ = {
			isa = PBXSourcesBuildPhase;
			buildActionMask = 2147483647;
			files = (
				60F4BADD25DCE72800DAAFAD /* MapKitDemoUITests.swift in Sources */,
			);
			runOnlyForDeploymentPostprocessing = 0;
		};
/* End PBXSourcesBuildPhase section */

/* Begin PBXTargetDependency section */
		60F4BACF25DCE72800DAAFAD /* PBXTargetDependency */ = {
			isa = PBXTargetDependency;
			target = 60F4BAB625DCE72700DAAFAD /* MapKitDemo */;
			targetProxy = 60F4BACE25DCE72800DAAFAD /* PBXContainerItemProxy */;
		};
		60F4BADA25DCE72800DAAFAD /* PBXTargetDependency */ = {
			isa = PBXTargetDependency;
			target = 60F4BAB625DCE72700DAAFAD /* MapKitDemo */;
			targetProxy = 60F4BAD925DCE72800DAAFAD /* PBXContainerItemProxy */;
		};
/* End PBXTargetDependency section */

/* Begin PBXVariantGroup section */
		60F4BAC525DCE72800DAAFAD /* LaunchScreen.storyboard */ = {
			isa = PBXVariantGroup;
			children = (
				60F4BAC625DCE72800DAAFAD /* Base */,
			);
			name = LaunchScreen.storyboard;
			sourceTree = "<group>";
		};
/* End PBXVariantGroup section */

/* Begin XCBuildConfiguration section */
		60F4BADF25DCE72800DAAFAD /* Debug */ = {
			isa = XCBuildConfiguration;
			buildSettings = {
				ALWAYS_SEARCH_USER_PATHS = NO;
				CLANG_ANALYZER_NONNULL = YES;
				CLANG_ANALYZER_NUMBER_OBJECT_CONVERSION = YES_AGGRESSIVE;
				CLANG_CXX_LANGUAGE_STANDARD = "gnu++14";
				CLANG_CXX_LIBRARY = "libc++";
				CLANG_ENABLE_MODULES = YES;
				CLANG_ENABLE_OBJC_ARC = YES;
				CLANG_ENABLE_OBJC_WEAK = YES;
				CLANG_WARN_BLOCK_CAPTURE_AUTORELEASING = YES;
				CLANG_WARN_BOOL_CONVERSION = YES;
				CLANG_WARN_COMMA = YES;
				CLANG_WARN_CONSTANT_CONVERSION = YES;
				CLANG_WARN_DEPRECATED_OBJC_IMPLEMENTATIONS = YES;
				CLANG_WARN_DIRECT_OBJC_ISA_USAGE = YES_ERROR;
				CLANG_WARN_DOCUMENTATION_COMMENTS = YES;
				CLANG_WARN_EMPTY_BODY = YES;
				CLANG_WARN_ENUM_CONVERSION = YES;
				CLANG_WARN_INFINITE_RECURSION = YES;
				CLANG_WARN_INT_CONVERSION = YES;
				CLANG_WARN_NON_LITERAL_NULL_CONVERSION = YES;
				CLANG_WARN_OBJC_IMPLICIT_RETAIN_SELF = YES;
				CLANG_WARN_OBJC_LITERAL_CONVERSION = YES;
				CLANG_WARN_OBJC_ROOT_CLASS = YES_ERROR;
				CLANG_WARN_QUOTED_INCLUDE_IN_FRAMEWORK_HEADER = YES;
				CLANG_WARN_RANGE_LOOP_ANALYSIS = YES;
				CLANG_WARN_STRICT_PROTOTYPES = YES;
				CLANG_WARN_SUSPICIOUS_MOVE = YES;
				CLANG_WARN_UNGUARDED_AVAILABILITY = YES_AGGRESSIVE;
				CLANG_WARN_UNREACHABLE_CODE = YES;
				CLANG_WARN__DUPLICATE_METHOD_MATCH = YES;
				COPY_PHASE_STRIP = NO;
				DEBUG_INFORMATION_FORMAT = dwarf;
				ENABLE_STRICT_OBJC_MSGSEND = YES;
				ENABLE_TESTABILITY = YES;
				GCC_C_LANGUAGE_STANDARD = gnu11;
				GCC_DYNAMIC_NO_PIC = NO;
				GCC_NO_COMMON_BLOCKS = YES;
				GCC_OPTIMIZATION_LEVEL = 0;
				GCC_PREPROCESSOR_DEFINITIONS = (
					"DEBUG=1",
					"$(inherited)",
				);
				GCC_WARN_64_TO_32_BIT_CONVERSION = YES;
				GCC_WARN_ABOUT_RETURN_TYPE = YES_ERROR;
				GCC_WARN_UNDECLARED_SELECTOR = YES;
				GCC_WARN_UNINITIALIZED_AUTOS = YES_AGGRESSIVE;
				GCC_WARN_UNUSED_FUNCTION = YES;
				GCC_WARN_UNUSED_VARIABLE = YES;
				IPHONEOS_DEPLOYMENT_TARGET = 14.1;
				MTL_ENABLE_DEBUG_INFO = INCLUDE_SOURCE;
				MTL_FAST_MATH = YES;
				ONLY_ACTIVE_ARCH = YES;
				SDKROOT = iphoneos;
				SWIFT_ACTIVE_COMPILATION_CONDITIONS = DEBUG;
				SWIFT_OPTIMIZATION_LEVEL = "-Onone";
			};
			name = Debug;
		};
		60F4BAE025DCE72800DAAFAD /* Release */ = {
			isa = XCBuildConfiguration;
			buildSettings = {
				ALWAYS_SEARCH_USER_PATHS = NO;
				CLANG_ANALYZER_NONNULL = YES;
				CLANG_ANALYZER_NUMBER_OBJECT_CONVERSION = YES_AGGRESSIVE;
				CLANG_CXX_LANGUAGE_STANDARD = "gnu++14";
				CLANG_CXX_LIBRARY = "libc++";
				CLANG_ENABLE_MODULES = YES;
				CLANG_ENABLE_OBJC_ARC = YES;
				CLANG_ENABLE_OBJC_WEAK = YES;
				CLANG_WARN_BLOCK_CAPTURE_AUTORELEASING = YES;
				CLANG_WARN_BOOL_CONVERSION = YES;
				CLANG_WARN_COMMA = YES;
				CLANG_WARN_CONSTANT_CONVERSION = YES;
				CLANG_WARN_DEPRECATED_OBJC_IMPLEMENTATIONS = YES;
				CLANG_WARN_DIRECT_OBJC_ISA_USAGE = YES_ERROR;
				CLANG_WARN_DOCUMENTATION_COMMENTS = YES;
				CLANG_WARN_EMPTY_BODY = YES;
				CLANG_WARN_ENUM_CONVERSION = YES;
				CLANG_WARN_INFINITE_RECURSION = YES;
				CLANG_WARN_INT_CONVERSION = YES;
				CLANG_WARN_NON_LITERAL_NULL_CONVERSION = YES;
				CLANG_WARN_OBJC_IMPLICIT_RETAIN_SELF = YES;
				CLANG_WARN_OBJC_LITERAL_CONVERSION = YES;
				CLANG_WARN_OBJC_ROOT_CLASS = YES_ERROR;
				CLANG_WARN_QUOTED_INCLUDE_IN_FRAMEWORK_HEADER = YES;
				CLANG_WARN_RANGE_LOOP_ANALYSIS = YES;
				CLANG_WARN_STRICT_PROTOTYPES = YES;
				CLANG_WARN_SUSPICIOUS_MOVE = YES;
				CLANG_WARN_UNGUARDED_AVAILABILITY = YES_AGGRESSIVE;
				CLANG_WARN_UNREACHABLE_CODE = YES;
				CLANG_WARN__DUPLICATE_METHOD_MATCH = YES;
				COPY_PHASE_STRIP = NO;
				DEBUG_INFORMATION_FORMAT = "dwarf-with-dsym";
				ENABLE_NS_ASSERTIONS = NO;
				ENABLE_STRICT_OBJC_MSGSEND = YES;
				GCC_C_LANGUAGE_STANDARD = gnu11;
				GCC_NO_COMMON_BLOCKS = YES;
				GCC_WARN_64_TO_32_BIT_CONVERSION = YES;
				GCC_WARN_ABOUT_RETURN_TYPE = YES_ERROR;
				GCC_WARN_UNDECLARED_SELECTOR = YES;
				GCC_WARN_UNINITIALIZED_AUTOS = YES_AGGRESSIVE;
				GCC_WARN_UNUSED_FUNCTION = YES;
				GCC_WARN_UNUSED_VARIABLE = YES;
				IPHONEOS_DEPLOYMENT_TARGET = 14.1;
				MTL_ENABLE_DEBUG_INFO = NO;
				MTL_FAST_MATH = YES;
				SDKROOT = iphoneos;
				SWIFT_COMPILATION_MODE = wholemodule;
				SWIFT_OPTIMIZATION_LEVEL = "-O";
				VALIDATE_PRODUCT = YES;
			};
			name = Release;
		};
		60F4BAE225DCE72800DAAFAD /* Debug */ = {
			isa = XCBuildConfiguration;
			buildSettings = {
				ASSETCATALOG_COMPILER_APPICON_NAME = AppIcon;
				ASSETCATALOG_COMPILER_GLOBAL_ACCENT_COLOR_NAME = AccentColor;
				CODE_SIGN_STYLE = Automatic;
				DEVELOPMENT_ASSET_PATHS = "\"MapKitDemo/Preview Content\"";
				DEVELOPMENT_TEAM = DD73F8592Z;
				ENABLE_PREVIEWS = YES;
				INFOPLIST_FILE = MapKitDemo/Info.plist;
				LD_RUNPATH_SEARCH_PATHS = (
					"$(inherited)",
					"@executable_path/Frameworks",
				);
				PRODUCT_BUNDLE_IDENTIFIER = knoxpo.MapKitDemo;
				PRODUCT_NAME = "$(TARGET_NAME)";
				SWIFT_VERSION = 5.0;
				TARGETED_DEVICE_FAMILY = "1,2";
			};
			name = Debug;
		};
		60F4BAE325DCE72800DAAFAD /* Release */ = {
			isa = XCBuildConfiguration;
			buildSettings = {
				ASSETCATALOG_COMPILER_APPICON_NAME = AppIcon;
				ASSETCATALOG_COMPILER_GLOBAL_ACCENT_COLOR_NAME = AccentColor;
				CODE_SIGN_STYLE = Automatic;
				DEVELOPMENT_ASSET_PATHS = "\"MapKitDemo/Preview Content\"";
				DEVELOPMENT_TEAM = DD73F8592Z;
				ENABLE_PREVIEWS = YES;
				INFOPLIST_FILE = MapKitDemo/Info.plist;
				LD_RUNPATH_SEARCH_PATHS = (
					"$(inherited)",
					"@executable_path/Frameworks",
				);
				PRODUCT_BUNDLE_IDENTIFIER = knoxpo.MapKitDemo;
				PRODUCT_NAME = "$(TARGET_NAME)";
				SWIFT_VERSION = 5.0;
				TARGETED_DEVICE_FAMILY = "1,2";
			};
			name = Release;
		};
		60F4BAE525DCE72800DAAFAD /* Debug */ = {
			isa = XCBuildConfiguration;
			buildSettings = {
				ALWAYS_EMBED_SWIFT_STANDARD_LIBRARIES = YES;
				BUNDLE_LOADER = "$(TEST_HOST)";
				CODE_SIGN_STYLE = Automatic;
				DEVELOPMENT_TEAM = DD73F8592Z;
				INFOPLIST_FILE = MapKitDemoTests/Info.plist;
				IPHONEOS_DEPLOYMENT_TARGET = 14.1;
				LD_RUNPATH_SEARCH_PATHS = (
					"$(inherited)",
					"@executable_path/Frameworks",
					"@loader_path/Frameworks",
				);
				PRODUCT_BUNDLE_IDENTIFIER = knoxpo.MapKitDemoTests;
				PRODUCT_NAME = "$(TARGET_NAME)";
				SWIFT_VERSION = 5.0;
				TARGETED_DEVICE_FAMILY = "1,2";
				TEST_HOST = "$(BUILT_PRODUCTS_DIR)/MapKitDemo.app/MapKitDemo";
			};
			name = Debug;
		};
		60F4BAE625DCE72800DAAFAD /* Release */ = {
			isa = XCBuildConfiguration;
			buildSettings = {
				ALWAYS_EMBED_SWIFT_STANDARD_LIBRARIES = YES;
				BUNDLE_LOADER = "$(TEST_HOST)";
				CODE_SIGN_STYLE = Automatic;
				DEVELOPMENT_TEAM = DD73F8592Z;
				INFOPLIST_FILE = MapKitDemoTests/Info.plist;
				IPHONEOS_DEPLOYMENT_TARGET = 14.1;
				LD_RUNPATH_SEARCH_PATHS = (
					"$(inherited)",
					"@executable_path/Frameworks",
					"@loader_path/Frameworks",
				);
				PRODUCT_BUNDLE_IDENTIFIER = knoxpo.MapKitDemoTests;
				PRODUCT_NAME = "$(TARGET_NAME)";
				SWIFT_VERSION = 5.0;
				TARGETED_DEVICE_FAMILY = "1,2";
				TEST_HOST = "$(BUILT_PRODUCTS_DIR)/MapKitDemo.app/MapKitDemo";
			};
			name = Release;
		};
		60F4BAE825DCE72800DAAFAD /* Debug */ = {
			isa = XCBuildConfiguration;
			buildSettings = {
				ALWAYS_EMBED_SWIFT_STANDARD_LIBRARIES = YES;
				CODE_SIGN_STYLE = Automatic;
				DEVELOPMENT_TEAM = DD73F8592Z;
				INFOPLIST_FILE = MapKitDemoUITests/Info.plist;
				LD_RUNPATH_SEARCH_PATHS = (
					"$(inherited)",
					"@executable_path/Frameworks",
					"@loader_path/Frameworks",
				);
				PRODUCT_BUNDLE_IDENTIFIER = knoxpo.MapKitDemoUITests;
				PRODUCT_NAME = "$(TARGET_NAME)";
				SWIFT_VERSION = 5.0;
				TARGETED_DEVICE_FAMILY = "1,2";
				TEST_TARGET_NAME = MapKitDemo;
			};
			name = Debug;
		};
		60F4BAE925DCE72800DAAFAD /* Release */ = {
			isa = XCBuildConfiguration;
			buildSettings = {
				ALWAYS_EMBED_SWIFT_STANDARD_LIBRARIES = YES;
				CODE_SIGN_STYLE = Automatic;
				DEVELOPMENT_TEAM = DD73F8592Z;
				INFOPLIST_FILE = MapKitDemoUITests/Info.plist;
				LD_RUNPATH_SEARCH_PATHS = (
					"$(inherited)",
					"@executable_path/Frameworks",
					"@loader_path/Frameworks",
				);
				PRODUCT_BUNDLE_IDENTIFIER = knoxpo.MapKitDemoUITests;
				PRODUCT_NAME = "$(TARGET_NAME)";
				SWIFT_VERSION = 5.0;
				TARGETED_DEVICE_FAMILY = "1,2";
				TEST_TARGET_NAME = MapKitDemo;
			};
			name = Release;
		};
/* End XCBuildConfiguration section */

/* Begin XCConfigurationList section */
		60F4BAB225DCE72700DAAFAD /* Build configuration list for PBXProject "MapKitDemo" */ = {
			isa = XCConfigurationList;
			buildConfigurations = (
				60F4BADF25DCE72800DAAFAD /* Debug */,
				60F4BAE025DCE72800DAAFAD /* Release */,
			);
			defaultConfigurationIsVisible = 0;
			defaultConfigurationName = Release;
		};
		60F4BAE125DCE72800DAAFAD /* Build configuration list for PBXNativeTarget "MapKitDemo" */ = {
			isa = XCConfigurationList;
			buildConfigurations = (
				60F4BAE225DCE72800DAAFAD /* Debug */,
				60F4BAE325DCE72800DAAFAD /* Release */,
			);
			defaultConfigurationIsVisible = 0;
			defaultConfigurationName = Release;
		};
		60F4BAE425DCE72800DAAFAD /* Build configuration list for PBXNativeTarget "MapKitDemoTests" */ = {
			isa = XCConfigurationList;
			buildConfigurations = (
				60F4BAE525DCE72800DAAFAD /* Debug */,
				60F4BAE625DCE72800DAAFAD /* Release */,
			);
			defaultConfigurationIsVisible = 0;
			defaultConfigurationName = Release;
		};
		60F4BAE725DCE72800DAAFAD /* Build configuration list for PBXNativeTarget "MapKitDemoUITests" */ = {
			isa = XCConfigurationList;
			buildConfigurations = (
				60F4BAE825DCE72800DAAFAD /* Debug */,
				60F4BAE925DCE72800DAAFAD /* Release */,
			);
			defaultConfigurationIsVisible = 0;
			defaultConfigurationName = Release;
		};
/* End XCConfigurationList section */
	};
	rootObject = 60F4BAAF25DCE72700DAAFAD /* Project object */;
}
